<?xml version="1.0" encoding="utf-8"?>
<Project ToolsVersion="4.0" xmlns="http://schemas.microsoft.com/developer/msbuild/2003">
  <ItemGroup>
    <CudaCompile Include="simple_system\src\simple.cu">
      <Filter>Source code</Filter>
    </CudaCompile>
    <CudaCompile Include="headers\default\particle_system.cuh">
      <Filter>Source code</Filter>
    </CudaCompile>
    <CudaCompile Include="headers\default\impl\compute_all_forces.cuh" />
    <CudaCompile Include="headers\default\impl\particle_system.cuh" />
  </ItemGroup>
  <ItemGroup>
    <ClInclude Include="simple_system\headers\simple\constants.cuh">
      <Filter>Header files</Filter>
    </ClInclude>
    <ClInclude Include="headers\default\compute_all_forces.cuh">
      <Filter>Kernel files</Filter>
    </ClInclude>
    <ClInclude Include="simple_system\src\impl\particle.cuh">
      <Filter>Kernel files</Filter>
    </ClInclude>
    <ClInclude Include="simple_system\headers\simple\particle.cuh">
      <Filter>Header files</Filter>
    </ClInclude>
    <ClInclude Include="simple_system\headers\simple\advancer.cuh">
      <Filter>Header files</Filter>
    </ClInclude>
    <ClInclude Include="simple_system\src\impl\advancer.cuh">
      <Filter>Kernel files</Filter>
    </ClInclude>
    <ClInclude Include="simple_system\src\impl\quantities.cuh">
      <Filter>Kernel files</Filter>
    </ClInclude>
    <ClInclude Include="simple_system\headers\simple\quantities.cuh">
      <Filter>Header files</Filter>
    </ClInclude>
    <ClInclude Include="simple_system\src\impl\constants.cuh">
      <Filter>Kernel files</Filter>
    </ClInclude>
    <ClInclude Include="headers\advancer_traits.cuh">
      <Filter>Header files</Filter>
    </ClInclude>
    <ClInclude Include="headers\particle_traits.cuh">
      <Filter>Header files</Filter>
    </ClInclude>
    <ClInclude Include="simple_system\headers\simple\particle_system.cuh">
      <Filter>Header files</Filter>
    </ClInclude>
  </ItemGroup>
  <ItemGroup>
    <Filter Include="Header files">
      <UniqueIdentifier>{8e4a8fbe-fb77-4570-8647-e9a90e938e33}</UniqueIdentifier>
    </Filter>
    <Filter Include="Source code">
      <UniqueIdentifier>{80247e8d-8791-4c14-a90c-e21502977ba1}</UniqueIdentifier>
    </Filter>
    <Filter Include="Kernel files">
      <UniqueIdentifier>{21cdf18e-ad0c-464e-a26b-c10abcdb6049}</UniqueIdentifier>
    </Filter>
    <Filter Include="components">
      <UniqueIdentifier>{bf935282-43cd-4db3-92cd-32c2b1339962}</UniqueIdentifier>
    </Filter>
  </ItemGroup>
  <ItemGroup>
    <ClCompile Include="src\main.cpp">
      <Filter>Source code</Filter>
    </ClCompile>
  </ItemGroup>
</Project>